
Microsoft Visual Studio Solution File, Format Version 12.00
# Visual Studio Version 17
VisualStudioVersion = 17.7.34031.279
MinimumVisualStudioVersion = 10.0.40219.1
Project("{8BC9CEB8-8B4A-11D0-8D11-00A0C91BC942}") = "4911 Rocker", "4911 Rocker\4911 Rocker.vcxproj", "{4B15176E-DFA1-46F6-A4DB-12F6886E544E}"
EndProject
Global
	GlobalSection(SolutionConfigurationPlatforms) = preSolution
		Debug|ARM = Debug|ARM
		Debug|ARM64 = Debug|ARM64
		Release|ARM = Release|ARM
		Release|ARM64 = Release|ARM64
	EndGlobalSection
	GlobalSection(ProjectConfigurationPlatforms) = postSolution
		{4B15176E-DFA1-46F6-A4DB-12F6886E544E}.Debug|ARM.ActiveCfg = Debug|ARM
		{4B15176E-DFA1-46F6-A4DB-12F6886E544E}.Debug|ARM.Build.0 = Debug|ARM
		{4B15176E-DFA1-46F6-A4DB-12F6886E544E}.Debug|ARM.Deploy.0 = Debug|ARM
		{4B15176E-DFA1-46F6-A4DB-12F6886E544E}.Debug|ARM64.ActiveCfg = Debug|ARM64
		{4B15176E-DFA1-46F6-A4DB-12F6886E544E}.Debug|ARM64.Build.0 = Debug|ARM64
		{4B15176E-DFA1-46F6-A4DB-12F6886E544E}.Debug|ARM64.Deploy.0 = Debug|ARM64
		{4B15176E-DFA1-46F6-A4DB-12F6886E544E}.Release|ARM.ActiveCfg = Release|ARM
		{4B15176E-DFA1-46F6-A4DB-12F6886E544E}.Release|ARM.Build.0 = Release|ARM
		{4B15176E-DFA1-46F6-A4DB-12F6886E544E}.Release|ARM.Deploy.0 = Release|ARM
		{4B15176E-DFA1-46F6-A4DB-12F6886E544E}.Release|ARM64.ActiveCfg = Release|ARM64
		{4B15176E-DFA1-46F6-A4DB-12F6886E544E}.Release|ARM64.Build.0 = Release|ARM64
		{4B15176E-DFA1-46F6-A4DB-12F6886E544E}.Release|ARM64.Deploy.0 = Release|ARM64
	EndGlobalSection
	GlobalSection(SolutionProperties) = preSolution
		HideSolutionNode = FALSE
	EndGlobalSection
	GlobalSection(ExtensibilityGlobals) = postSolution
		SolutionGuid = {25C06C22-4EEF-4387-B088-70803C5C2D22}
	EndGlobalSection
EndGlobal
